
Microsoft Visual Studio Solution File, Format Version 11.00
# Visual Studio 2010
Project("{FAE04EC0-301F-11D3-BF4B-00C04F79EFBC}") = "SelfDrivingCarPrototype", "Assembly-CSharp.csproj", "{C6EFD14C-292D-4D5F-100F-DF5D91A0F4DF}"
EndProject
Global
	GlobalSection(SolutionConfigurationPlatforms) = preSolution
		Debug|Any CPU = Debug|Any CPU
		Release|Any CPU = Release|Any CPU
	EndGlobalSection
	GlobalSection(ProjectConfigurationPlatforms) = postSolution
		{C6EFD14C-292D-4D5F-100F-DF5D91A0F4DF}.Debug|Any CPU.ActiveCfg = Debug|Any CPU
		{C6EFD14C-292D-4D5F-100F-DF5D91A0F4DF}.Debug|Any CPU.Build.0 = Debug|Any CPU
		{C6EFD14C-292D-4D5F-100F-DF5D91A0F4DF}.Release|Any CPU.ActiveCfg = Release|Any CPU
		{C6EFD14C-292D-4D5F-100F-DF5D91A0F4DF}.Release|Any CPU.Build.0 = Release|Any CPU
	EndGlobalSection
	GlobalSection(SolutionProperties) = preSolution
		HideSolutionNode = FALSE
	EndGlobalSection
	GlobalSection(MonoDevelopProperties) = preSolution
		StartupItem = Assembly-CSharp.csproj
	EndGlobalSection
EndGlobal
